
Microsoft Visual Studio Solution File, Format Version 12.00
# Visual Studio 14
VisualStudioVersion = 14.0.25420.1
MinimumVisualStudioVersion = 10.0.40219.1
Project("{FAE04EC0-301F-11D3-BF4B-00C04F79EFBC}") = "TRABAJO_FINAL", "TRABAJO_FINAL\TRABAJO_FINAL.csproj", "{56B1EEE6-7B77-4555-9976-249989843FDE}"
	ProjectSection(ProjectDependencies) = postProject
		{3DC7291C-629F-4F4A-8EED-59D131D0A4D5} = {3DC7291C-629F-4F4A-8EED-59D131D0A4D5}
	EndProjectSection
EndProject
Project("{FAE04EC0-301F-11D3-BF4B-00C04F79EFBC}") = "EE", "EE\EE.csproj", "{49BDACBB-A43B-4916-9E56-3B8EAD3CD98D}"
	ProjectSection(ProjectDependencies) = postProject
		{3DC7291C-629F-4F4A-8EED-59D131D0A4D5} = {3DC7291C-629F-4F4A-8EED-59D131D0A4D5}
	EndProjectSection
EndProject
Project("{FAE04EC0-301F-11D3-BF4B-00C04F79EFBC}") = "BLL", "BLL\BLL.csproj", "{8B803BAC-81E4-4480-90F9-008895ED1A14}"
	ProjectSection(ProjectDependencies) = postProject
		{3DC7291C-629F-4F4A-8EED-59D131D0A4D5} = {3DC7291C-629F-4F4A-8EED-59D131D0A4D5}
	EndProjectSection
EndProject
Project("{FAE04EC0-301F-11D3-BF4B-00C04F79EFBC}") = "Datos", "Datos\Datos.csproj", "{2B50E58B-3276-40AB-A873-E4437EFD0B5A}"
EndProject
Project("{FAE04EC0-301F-11D3-BF4B-00C04F79EFBC}") = "MPP", "MPP\MPP.csproj", "{6A315860-2322-4F65-8CCC-0FDB5E082A6D}"
	ProjectSection(ProjectDependencies) = postProject
		{3DC7291C-629F-4F4A-8EED-59D131D0A4D5} = {3DC7291C-629F-4F4A-8EED-59D131D0A4D5}
	EndProjectSection
EndProject
Project("{FAE04EC0-301F-11D3-BF4B-00C04F79EFBC}") = "SERVICIOS", "SERVICIOS\SERVICIOS.csproj", "{3DC7291C-629F-4F4A-8EED-59D131D0A4D5}"
EndProject
Global
	GlobalSection(SolutionConfigurationPlatforms) = preSolution
		Debug|Any CPU = Debug|Any CPU
		Debug|ARM = Debug|ARM
		Debug|x64 = Debug|x64
		Debug|x86 = Debug|x86
		Release|Any CPU = Release|Any CPU
		Release|ARM = Release|ARM
		Release|x64 = Release|x64
		Release|x86 = Release|x86
	EndGlobalSection
	GlobalSection(ProjectConfigurationPlatforms) = postSolution
		{56B1EEE6-7B77-4555-9976-249989843FDE}.Debug|Any CPU.ActiveCfg = Debug|Any CPU
		{56B1EEE6-7B77-4555-9976-249989843FDE}.Debug|Any CPU.Build.0 = Debug|Any CPU
		{56B1EEE6-7B77-4555-9976-249989843FDE}.Debug|ARM.ActiveCfg = Debug|Any CPU
		{56B1EEE6-7B77-4555-9976-249989843FDE}.Debug|ARM.Build.0 = Debug|Any CPU
		{56B1EEE6-7B77-4555-9976-249989843FDE}.Debug|x64.ActiveCfg = Debug|Any CPU
		{56B1EEE6-7B77-4555-9976-249989843FDE}.Debug|x64.Build.0 = Debug|Any CPU
		{56B1EEE6-7B77-4555-9976-249989843FDE}.Debug|x86.ActiveCfg = Debug|Any CPU
		{56B1EEE6-7B77-4555-9976-249989843FDE}.Debug|x86.Build.0 = Debug|Any CPU
		{56B1EEE6-7B77-4555-9976-249989843FDE}.Release|Any CPU.ActiveCfg = Release|Any CPU
		{56B1EEE6-7B77-4555-9976-249989843FDE}.Release|Any CPU.Build.0 = Release|Any CPU
		{56B1EEE6-7B77-4555-9976-249989843FDE}.Release|ARM.ActiveCfg = Release|Any CPU
		{56B1EEE6-7B77-4555-9976-249989843FDE}.Release|ARM.Build.0 = Release|Any CPU
		{56B1EEE6-7B77-4555-9976-249989843FDE}.Release|x64.ActiveCfg = Release|Any CPU
		{56B1EEE6-7B77-4555-9976-249989843FDE}.Release|x64.Build.0 = Release|Any CPU
		{56B1EEE6-7B77-4555-9976-249989843FDE}.Release|x86.ActiveCfg = Release|Any CPU
		{56B1EEE6-7B77-4555-9976-249989843FDE}.Release|x86.Build.0 = Release|Any CPU
		{49BDACBB-A43B-4916-9E56-3B8EAD3CD98D}.Debug|Any CPU.ActiveCfg = Debug|Any CPU
		{49BDACBB-A43B-4916-9E56-3B8EAD3CD98D}.Debug|Any CPU.Build.0 = Debug|Any CPU
		{49BDACBB-A43B-4916-9E56-3B8EAD3CD98D}.Debug|ARM.ActiveCfg = Debug|Any CPU
		{49BDACBB-A43B-4916-9E56-3B8EAD3CD98D}.Debug|ARM.Build.0 = Debug|Any CPU
		{49BDACBB-A43B-4916-9E56-3B8EAD3CD98D}.Debug|x64.ActiveCfg = Debug|Any CPU
		{49BDACBB-A43B-4916-9E56-3B8EAD3CD98D}.Debug|x64.Build.0 = Debug|Any CPU
		{49BDACBB-A43B-4916-9E56-3B8EAD3CD98D}.Debug|x86.ActiveCfg = Debug|Any CPU
		{49BDACBB-A43B-4916-9E56-3B8EAD3CD98D}.Debug|x86.Build.0 = Debug|Any CPU
		{49BDACBB-A43B-4916-9E56-3B8EAD3CD98D}.Release|Any CPU.ActiveCfg = Release|Any CPU
		{49BDACBB-A43B-4916-9E56-3B8EAD3CD98D}.Release|Any CPU.Build.0 = Release|Any CPU
		{49BDACBB-A43B-4916-9E56-3B8EAD3CD98D}.Release|ARM.ActiveCfg = Release|Any CPU
		{49BDACBB-A43B-4916-9E56-3B8EAD3CD98D}.Release|ARM.Build.0 = Release|Any CPU
		{49BDACBB-A43B-4916-9E56-3B8EAD3CD98D}.Release|x64.ActiveCfg = Release|Any CPU
		{49BDACBB-A43B-4916-9E56-3B8EAD3CD98D}.Release|x64.Build.0 = Release|Any CPU
		{49BDACBB-A43B-4916-9E56-3B8EAD3CD98D}.Release|x86.ActiveCfg = Release|Any CPU
		{49BDACBB-A43B-4916-9E56-3B8EAD3CD98D}.Release|x86.Build.0 = Release|Any CPU
		{8B803BAC-81E4-4480-90F9-008895ED1A14}.Debug|Any CPU.ActiveCfg = Debug|Any CPU
		{8B803BAC-81E4-4480-90F9-008895ED1A14}.Debug|Any CPU.Build.0 = Debug|Any CPU
		{8B803BAC-81E4-4480-90F9-008895ED1A14}.Debug|ARM.ActiveCfg = Debug|Any CPU
		{8B803BAC-81E4-4480-90F9-008895ED1A14}.Debug|ARM.Build.0 = Debug|Any CPU
		{8B803BAC-81E4-4480-90F9-008895ED1A14}.Debug|x64.ActiveCfg = Debug|Any CPU
		{8B803BAC-81E4-4480-90F9-008895ED1A14}.Debug|x64.Build.0 = Debug|Any CPU
		{8B803BAC-81E4-4480-90F9-008895ED1A14}.Debug|x86.ActiveCfg = Debug|Any CPU
		{8B803BAC-81E4-4480-90F9-008895ED1A14}.Debug|x86.Build.0 = Debug|Any CPU
		{8B803BAC-81E4-4480-90F9-008895ED1A14}.Release|Any CPU.ActiveCfg = Release|Any CPU
		{8B803BAC-81E4-4480-90F9-008895ED1A14}.Release|Any CPU.Build.0 = Release|Any CPU
		{8B803BAC-81E4-4480-90F9-008895ED1A14}.Release|ARM.ActiveCfg = Release|Any CPU
		{8B803BAC-81E4-4480-90F9-008895ED1A14}.Release|ARM.Build.0 = Release|Any CPU
		{8B803BAC-81E4-4480-90F9-008895ED1A14}.Release|x64.ActiveCfg = Release|Any CPU
		{8B803BAC-81E4-4480-90F9-008895ED1A14}.Release|x64.Build.0 = Release|Any CPU
		{8B803BAC-81E4-4480-90F9-008895ED1A14}.Release|x86.ActiveCfg = Release|Any CPU
		{8B803BAC-81E4-4480-90F9-008895ED1A14}.Release|x86.Build.0 = Release|Any CPU
		{2B50E58B-3276-40AB-A873-E4437EFD0B5A}.Debug|Any CPU.ActiveCfg = Debug|Any CPU
		{2B50E58B-3276-40AB-A873-E4437EFD0B5A}.Debug|Any CPU.Build.0 = Debug|Any CPU
		{2B50E58B-3276-40AB-A873-E4437EFD0B5A}.Debug|ARM.ActiveCfg = Debug|Any CPU
		{2B50E58B-3276-40AB-A873-E4437EFD0B5A}.Debug|ARM.Build.0 = Debug|Any CPU
		{2B50E58B-3276-40AB-A873-E4437EFD0B5A}.Debug|x64.ActiveCfg = Debug|Any CPU
		{2B50E58B-3276-40AB-A873-E4437EFD0B5A}.Debug|x64.Build.0 = Debug|Any CPU
		{2B50E58B-3276-40AB-A873-E4437EFD0B5A}.Debug|x86.ActiveCfg = Debug|Any CPU
		{2B50E58B-3276-40AB-A873-E4437EFD0B5A}.Debug|x86.Build.0 = Debug|Any CPU
		{2B50E58B-3276-40AB-A873-E4437EFD0B5A}.Release|Any CPU.ActiveCfg = Release|Any CPU
		{2B50E58B-3276-40AB-A873-E4437EFD0B5A}.Release|Any CPU.Build.0 = Release|Any CPU
		{2B50E58B-3276-40AB-A873-E4437EFD0B5A}.Release|ARM.ActiveCfg = Release|Any CPU
		{2B50E58B-3276-40AB-A873-E4437EFD0B5A}.Release|ARM.Build.0 = Release|Any CPU
		{2B50E58B-3276-40AB-A873-E4437EFD0B5A}.Release|x64.ActiveCfg = Release|Any CPU
		{2B50E58B-3276-40AB-A873-E4437EFD0B5A}.Release|x64.Build.0 = Release|Any CPU
		{2B50E58B-3276-40AB-A873-E4437EFD0B5A}.Release|x86.ActiveCfg = Release|Any CPU
		{2B50E58B-3276-40AB-A873-E4437EFD0B5A}.Release|x86.Build.0 = Release|Any CPU
		{6A315860-2322-4F65-8CCC-0FDB5E082A6D}.Debug|Any CPU.ActiveCfg = Debug|Any CPU
		{6A315860-2322-4F65-8CCC-0FDB5E082A6D}.Debug|Any CPU.Build.0 = Debug|Any CPU
		{6A315860-2322-4F65-8CCC-0FDB5E082A6D}.Debug|ARM.ActiveCfg = Debug|Any CPU
		{6A315860-2322-4F65-8CCC-0FDB5E082A6D}.Debug|ARM.Build.0 = Debug|Any CPU
		{6A315860-2322-4F65-8CCC-0FDB5E082A6D}.Debug|x64.ActiveCfg = Debug|Any CPU
		{6A315860-2322-4F65-8CCC-0FDB5E082A6D}.Debug|x64.Build.0 = Debug|Any CPU
		{6A315860-2322-4F65-8CCC-0FDB5E082A6D}.Debug|x86.ActiveCfg = Debug|Any CPU
		{6A315860-2322-4F65-8CCC-0FDB5E082A6D}.Debug|x86.Build.0 = Debug|Any CPU
		{6A315860-2322-4F65-8CCC-0FDB5E082A6D}.Release|Any CPU.ActiveCfg = Release|Any CPU
		{6A315860-2322-4F65-8CCC-0FDB5E082A6D}.Release|Any CPU.Build.0 = Release|Any CPU
		{6A315860-2322-4F65-8CCC-0FDB5E082A6D}.Release|ARM.ActiveCfg = Release|Any CPU
		{6A315860-2322-4F65-8CCC-0FDB5E082A6D}.Release|ARM.Build.0 = Release|Any CPU
		{6A315860-2322-4F65-8CCC-0FDB5E082A6D}.Release|x64.ActiveCfg = Release|Any CPU
		{6A315860-2322-4F65-8CCC-0FDB5E082A6D}.Release|x64.Build.0 = Release|Any CPU
		{6A315860-2322-4F65-8CCC-0FDB5E082A6D}.Release|x86.ActiveCfg = Release|Any CPU
		{6A315860-2322-4F65-8CCC-0FDB5E082A6D}.Release|x86.Build.0 = Release|Any CPU
		{3DC7291C-629F-4F4A-8EED-59D131D0A4D5}.Debug|Any CPU.ActiveCfg = Debug|Any CPU
		{3DC7291C-629F-4F4A-8EED-59D131D0A4D5}.Debug|Any CPU.Build.0 = Debug|Any CPU
		{3DC7291C-629F-4F4A-8EED-59D131D0A4D5}.Debug|ARM.ActiveCfg = Debug|Any CPU
		{3DC7291C-629F-4F4A-8EED-59D131D0A4D5}.Debug|ARM.Build.0 = Debug|Any CPU
		{3DC7291C-629F-4F4A-8EED-59D131D0A4D5}.Debug|x64.ActiveCfg = Debug|Any CPU
		{3DC7291C-629F-4F4A-8EED-59D131D0A4D5}.Debug|x64.Build.0 = Debug|Any CPU
		{3DC7291C-629F-4F4A-8EED-59D131D0A4D5}.Debug|x86.ActiveCfg = Debug|Any CPU
		{3DC7291C-629F-4F4A-8EED-59D131D0A4D5}.Debug|x86.Build.0 = Debug|Any CPU
		{3DC7291C-629F-4F4A-8EED-59D131D0A4D5}.Release|Any CPU.ActiveCfg = Release|Any CPU
		{3DC7291C-629F-4F4A-8EED-59D131D0A4D5}.Release|Any CPU.Build.0 = Release|Any CPU
		{3DC7291C-629F-4F4A-8EED-59D131D0A4D5}.Release|ARM.ActiveCfg = Release|Any CPU
		{3DC7291C-629F-4F4A-8EED-59D131D0A4D5}.Release|ARM.Build.0 = Release|Any CPU
		{3DC7291C-629F-4F4A-8EED-59D131D0A4D5}.Release|x64.ActiveCfg = Release|Any CPU
		{3DC7291C-629F-4F4A-8EED-59D131D0A4D5}.Release|x64.Build.0 = Release|Any CPU
		{3DC7291C-629F-4F4A-8EED-59D131D0A4D5}.Release|x86.ActiveCfg = Release|Any CPU
		{3DC7291C-629F-4F4A-8EED-59D131D0A4D5}.Release|x86.Build.0 = Release|Any CPU
	EndGlobalSection
	GlobalSection(SolutionProperties) = preSolution
		HideSolutionNode = FALSE
	EndGlobalSection
	GlobalSection(ExtensibilityGlobals) = postSolution
		SolutionGuid = {831DD422-9C46-4501-8536-C6C107A60D4E}
	EndGlobalSection
EndGlobal
